
Microsoft Visual Studio Solution File, Format Version 12.00
# Visual Studio Version 17
VisualStudioVersion = 17.4.33213.308
MinimumVisualStudioVersion = 10.0.40219.1
Project("{FAE04EC0-301F-11D3-BF4B-00C04F79EFBC}") = "Алгоритм Диффи-Хелмана", "Алгоритм Диффи-Хелмана.csproj", "{C75D4CFC-55FE-435B-9816-E07E2D2085E5}"
EndProject
Global
	GlobalSection(SolutionConfigurationPlatforms) = preSolution
		Debug|Any CPU = Debug|Any CPU
		Release|Any CPU = Release|Any CPU
	EndGlobalSection
	GlobalSection(ProjectConfigurationPlatforms) = postSolution
		{C75D4CFC-55FE-435B-9816-E07E2D2085E5}.Debug|Any CPU.ActiveCfg = Debug|Any CPU
		{C75D4CFC-55FE-435B-9816-E07E2D2085E5}.Debug|Any CPU.Build.0 = Debug|Any CPU
		{C75D4CFC-55FE-435B-9816-E07E2D2085E5}.Release|Any CPU.ActiveCfg = Release|Any CPU
		{C75D4CFC-55FE-435B-9816-E07E2D2085E5}.Release|Any CPU.Build.0 = Release|Any CPU
	EndGlobalSection
	GlobalSection(SolutionProperties) = preSolution
		HideSolutionNode = FALSE
	EndGlobalSection
	GlobalSection(ExtensibilityGlobals) = postSolution
		SolutionGuid = {E59EE561-C4A7-4E0D-AE81-3E32E029D8B4}
	EndGlobalSection
EndGlobal
